
Microsoft Visual Studio Solution File, Format Version 12.00
# Visual Studio Version 16
VisualStudioVersion = 16.0.31129.286
MinimumVisualStudioVersion = 10.0.40219.1
Project("{9A19103F-16F7-4668-BE54-9A1E7A4F7556}") = "IntroSkip", "IntroSkip\IntroSkip.csproj", "{747D6841-3BF8-4D24-817F-428357189031}"
EndProject
Global
	GlobalSection(SolutionConfigurationPlatforms) = preSolution
		Debug|Any CPU = Debug|Any CPU
		Release|Any CPU = Release|Any CPU
	EndGlobalSection
	GlobalSection(ProjectConfigurationPlatforms) = postSolution
		{747D6841-3BF8-4D24-817F-428357189031}.Debug|Any CPU.ActiveCfg = Debug|Any CPU
		{747D6841-3BF8-4D24-817F-428357189031}.Debug|Any CPU.Build.0 = Debug|Any CPU
		{747D6841-3BF8-4D24-817F-428357189031}.Release|Any CPU.ActiveCfg = Release|Any CPU
		{747D6841-3BF8-4D24-817F-428357189031}.Release|Any CPU.Build.0 = Release|Any CPU
	EndGlobalSection
	GlobalSection(SolutionProperties) = preSolution
		HideSolutionNode = FALSE
	EndGlobalSection
	GlobalSection(ExtensibilityGlobals) = postSolution
		SolutionGuid = {B5A18BE0-865C-43D7-A957-63529DE50453}
	EndGlobalSection
EndGlobal
